// !$*UTF8*$!
{
	archiveVersion = 1;
	classes = {
	};
	objectVersion = 46;
	objects = {

/* Begin PBXBuildFile section */
		A13EFEF41CA12EE20042C837 /* SetCard.m in Sources */ = {isa = PBXBuildFile; fileRef = A13EFEF31CA12EE20042C837 /* SetCard.m */; };
		A13EFEF71CA133F00042C837 /* SetCardDeck.m in Sources */ = {isa = PBXBuildFile; fileRef = A13EFEF61CA133F00042C837 /* SetCardDeck.m */; };
		A13EFEFA1CA141110042C837 /* PlayingCardGameViewController.m in Sources */ = {isa = PBXBuildFile; fileRef = A13EFEF91CA141110042C837 /* PlayingCardGameViewController.m */; };
		A13EFEFD1CA149D30042C837 /* SetCardGameViewController.m in Sources */ = {isa = PBXBuildFile; fileRef = A13EFEFC1CA149D30042C837 /* SetCardGameViewController.m */; };
		A13EFF001CA1A6E20042C837 /* GameTurn.m in Sources */ = {isa = PBXBuildFile; fileRef = A13EFEFF1CA1A6E20042C837 /* GameTurn.m */; };
		A14B86171CA3CDA30011254C /* GameHistoryViewController.m in Sources */ = {isa = PBXBuildFile; fileRef = A14B86161CA3CDA30011254C /* GameHistoryViewController.m */; };
		A14B861E1CA4084B0011254C /* SetCardContentMaker.m in Sources */ = {isa = PBXBuildFile; fileRef = A14B861D1CA4084B0011254C /* SetCardContentMaker.m */; };
		A14B86211CA40D010011254C /* PlayingCardContentMaker.m in Sources */ = {isa = PBXBuildFile; fileRef = A14B86201CA40D010011254C /* PlayingCardContentMaker.m */; };
		A1560AE01C8EB74000A52F61 /* CardMatchingGame.m in Sources */ = {isa = PBXBuildFile; fileRef = A1560ADF1C8EB74000A52F61 /* CardMatchingGame.m */; };
		A1F27C6D1C8DC3450035758D /* main.m in Sources */ = {isa = PBXBuildFile; fileRef = A1F27C6C1C8DC3450035758D /* main.m */; };
		A1F27C701C8DC3450035758D /* AppDelegate.m in Sources */ = {isa = PBXBuildFile; fileRef = A1F27C6F1C8DC3450035758D /* AppDelegate.m */; };
		A1F27C731C8DC3450035758D /* ViewController.m in Sources */ = {isa = PBXBuildFile; fileRef = A1F27C721C8DC3450035758D /* ViewController.m */; };
		A1F27C761C8DC3450035758D /* Main.storyboard in Resources */ = {isa = PBXBuildFile; fileRef = A1F27C741C8DC3450035758D /* Main.storyboard */; };
		A1F27C781C8DC3450035758D /* Assets.xcassets in Resources */ = {isa = PBXBuildFile; fileRef = A1F27C771C8DC3450035758D /* Assets.xcassets */; };
		A1F27C7B1C8DC3450035758D /* LaunchScreen.storyboard in Resources */ = {isa = PBXBuildFile; fileRef = A1F27C791C8DC3450035758D /* LaunchScreen.storyboard */; };
		A1F27C861C8DC3450035758D /* MatchismoTests.m in Sources */ = {isa = PBXBuildFile; fileRef = A1F27C851C8DC3450035758D /* MatchismoTests.m */; };
		A1F27C911C8DC3450035758D /* MatchismoUITests.m in Sources */ = {isa = PBXBuildFile; fileRef = A1F27C901C8DC3450035758D /* MatchismoUITests.m */; };
		A1F27CA01C8DC4B40035758D /* Card.m in Sources */ = {isa = PBXBuildFile; fileRef = A1F27C9F1C8DC4B40035758D /* Card.m */; };
		A1F27CA41C8DC8560035758D /* Deck.m in Sources */ = {isa = PBXBuildFile; fileRef = A1F27CA31C8DC8560035758D /* Deck.m */; };
		A1F27CA71C8DCC340035758D /* PlayingCard.m in Sources */ = {isa = PBXBuildFile; fileRef = A1F27CA61C8DCC340035758D /* PlayingCard.m */; };
		A1F27CAA1C8DD0070035758D /* PlayingCardDeck.m in Sources */ = {isa = PBXBuildFile; fileRef = A1F27CA91C8DD0070035758D /* PlayingCardDeck.m */; };
		A1F27CAD1C8DDB760035758D /* CardGameViewController.m in Sources */ = {isa = PBXBuildFile; fileRef = A1F27CAC1C8DDB760035758D /* CardGameViewController.m */; };
/* End PBXBuildFile section */

/* Begin PBXContainerItemProxy section */
		A1F27C821C8DC3450035758D /* PBXContainerItemProxy */ = {
			isa = PBXContainerItemProxy;
			containerPortal = A1F27C601C8DC3450035758D /* Project object */;
			proxyType = 1;
			remoteGlobalIDString = A1F27C671C8DC3450035758D;
			remoteInfo = Matchismo;
		};
		A1F27C8D1C8DC3450035758D /* PBXContainerItemProxy */ = {
			isa = PBXContainerItemProxy;
			containerPortal = A1F27C601C8DC3450035758D /* Project object */;
			proxyType = 1;
			remoteGlobalIDString = A1F27C671C8DC3450035758D;
			remoteInfo = Matchismo;
		};
/* End PBXContainerItemProxy section */

/* Begin PBXFileReference section */
		A13EFEF21CA12EE20042C837 /* SetCard.h */ = {isa = PBXFileReference; fileEncoding = 4; lastKnownFileType = sourcecode.c.h; name = SetCard.h; path = Matchismo/SetCard.h; sourceTree = "<group>"; };
		A13EFEF31CA12EE20042C837 /* SetCard.m */ = {isa = PBXFileReference; fileEncoding = 4; lastKnownFileType = sourcecode.c.objc; name = SetCard.m; path = Matchismo/SetCard.m; sourceTree = "<group>"; };
		A13EFEF51CA133F00042C837 /* SetCardDeck.h */ = {isa = PBXFileReference; fileEncoding = 4; lastKnownFileType = sourcecode.c.h; path = SetCardDeck.h; sourceTree = "<group>"; };
		A13EFEF61CA133F00042C837 /* SetCardDeck.m */ = {isa = PBXFileReference; fileEncoding = 4; lastKnownFileType = sourcecode.c.objc; path = SetCardDeck.m; sourceTree = "<group>"; };
		A13EFEF81CA141110042C837 /* PlayingCardGameViewController.h */ = {isa = PBXFileReference; fileEncoding = 4; lastKnownFileType = sourcecode.c.h; path = PlayingCardGameViewController.h; sourceTree = "<group>"; };
		A13EFEF91CA141110042C837 /* PlayingCardGameViewController.m */ = {isa = PBXFileReference; fileEncoding = 4; lastKnownFileType = sourcecode.c.objc; path = PlayingCardGameViewController.m; sourceTree = "<group>"; };
		A13EFEFB1CA149D30042C837 /* SetCardGameViewController.h */ = {isa = PBXFileReference; fileEncoding = 4; lastKnownFileType = sourcecode.c.h; path = SetCardGameViewController.h; sourceTree = "<group>"; };
		A13EFEFC1CA149D30042C837 /* SetCardGameViewController.m */ = {isa = PBXFileReference; fileEncoding = 4; lastKnownFileType = sourcecode.c.objc; path = SetCardGameViewController.m; sourceTree = "<group>"; };
		A13EFEFE1CA1A6E20042C837 /* GameTurn.h */ = {isa = PBXFileReference; fileEncoding = 4; lastKnownFileType = sourcecode.c.h; path = GameTurn.h; sourceTree = "<group>"; };
		A13EFEFF1CA1A6E20042C837 /* GameTurn.m */ = {isa = PBXFileReference; fileEncoding = 4; lastKnownFileType = sourcecode.c.objc; path = GameTurn.m; sourceTree = "<group>"; };
		A14B86151CA3CDA30011254C /* GameHistoryViewController.h */ = {isa = PBXFileReference; fileEncoding = 4; lastKnownFileType = sourcecode.c.h; path = GameHistoryViewController.h; sourceTree = "<group>"; };
		A14B86161CA3CDA30011254C /* GameHistoryViewController.m */ = {isa = PBXFileReference; fileEncoding = 4; lastKnownFileType = sourcecode.c.objc; path = GameHistoryViewController.m; sourceTree = "<group>"; };
		A14B861B1CA4072B0011254C /* CardContentMaker.h */ = {isa = PBXFileReference; lastKnownFileType = sourcecode.c.h; path = CardContentMaker.h; sourceTree = "<group>"; };
		A14B861C1CA4084B0011254C /* SetCardContentMaker.h */ = {isa = PBXFileReference; fileEncoding = 4; lastKnownFileType = sourcecode.c.h; path = SetCardContentMaker.h; sourceTree = "<group>"; };
		A14B861D1CA4084B0011254C /* SetCardContentMaker.m */ = {isa = PBXFileReference; fileEncoding = 4; lastKnownFileType = sourcecode.c.objc; path = SetCardContentMaker.m; sourceTree = "<group>"; };
		A14B861F1CA40D010011254C /* PlayingCardContentMaker.h */ = {isa = PBXFileReference; fileEncoding = 4; lastKnownFileType = sourcecode.c.h; path = PlayingCardContentMaker.h; sourceTree = "<group>"; };
		A14B86201CA40D010011254C /* PlayingCardContentMaker.m */ = {isa = PBXFileReference; fileEncoding = 4; lastKnownFileType = sourcecode.c.objc; path = PlayingCardContentMaker.m; sourceTree = "<group>"; };
		A1560ADE1C8EB74000A52F61 /* CardMatchingGame.h */ = {isa = PBXFileReference; fileEncoding = 4; lastKnownFileType = sourcecode.c.h; name = CardMatchingGame.h; path = Matchismo/CardMatchingGame.h; sourceTree = "<group>"; };
		A1560ADF1C8EB74000A52F61 /* CardMatchingGame.m */ = {isa = PBXFileReference; fileEncoding = 4; lastKnownFileType = sourcecode.c.objc; name = CardMatchingGame.m; path = Matchismo/CardMatchingGame.m; sourceTree = "<group>"; };
		A1F27C681C8DC3450035758D /* Matchismo.app */ = {isa = PBXFileReference; explicitFileType = wrapper.application; includeInIndex = 0; path = Matchismo.app; sourceTree = BUILT_PRODUCTS_DIR; };
		A1F27C6C1C8DC3450035758D /* main.m */ = {isa = PBXFileReference; lastKnownFileType = sourcecode.c.objc; path = main.m; sourceTree = "<group>"; };
		A1F27C6E1C8DC3450035758D /* AppDelegate.h */ = {isa = PBXFileReference; lastKnownFileType = sourcecode.c.h; path = AppDelegate.h; sourceTree = "<group>"; };
		A1F27C6F1C8DC3450035758D /* AppDelegate.m */ = {isa = PBXFileReference; lastKnownFileType = sourcecode.c.objc; path = AppDelegate.m; sourceTree = "<group>"; };
		A1F27C711C8DC3450035758D /* ViewController.h */ = {isa = PBXFileReference; lastKnownFileType = sourcecode.c.h; path = ViewController.h; sourceTree = "<group>"; };
		A1F27C721C8DC3450035758D /* ViewController.m */ = {isa = PBXFileReference; lastKnownFileType = sourcecode.c.objc; path = ViewController.m; sourceTree = "<group>"; };
		A1F27C751C8DC3450035758D /* Base */ = {isa = PBXFileReference; lastKnownFileType = file.storyboard; name = Base; path = Base.lproj/Main.storyboard; sourceTree = "<group>"; };
		A1F27C771C8DC3450035758D /* Assets.xcassets */ = {isa = PBXFileReference; lastKnownFileType = folder.assetcatalog; path = Assets.xcassets; sourceTree = "<group>"; };
		A1F27C7A1C8DC3450035758D /* Base */ = {isa = PBXFileReference; lastKnownFileType = file.storyboard; name = Base; path = Base.lproj/LaunchScreen.storyboard; sourceTree = "<group>"; };
		A1F27C7C1C8DC3450035758D /* Info.plist */ = {isa = PBXFileReference; lastKnownFileType = text.plist.xml; path = Info.plist; sourceTree = "<group>"; };
		A1F27C811C8DC3450035758D /* MatchismoTests.xctest */ = {isa = PBXFileReference; explicitFileType = wrapper.cfbundle; includeInIndex = 0; path = MatchismoTests.xctest; sourceTree = BUILT_PRODUCTS_DIR; };
		A1F27C851C8DC3450035758D /* MatchismoTests.m */ = {isa = PBXFileReference; lastKnownFileType = sourcecode.c.objc; path = MatchismoTests.m; sourceTree = "<group>"; };
		A1F27C871C8DC3450035758D /* Info.plist */ = {isa = PBXFileReference; lastKnownFileType = text.plist.xml; path = Info.plist; sourceTree = "<group>"; };
		A1F27C8C1C8DC3450035758D /* MatchismoUITests.xctest */ = {isa = PBXFileReference; explicitFileType = wrapper.cfbundle; includeInIndex = 0; path = MatchismoUITests.xctest; sourceTree = BUILT_PRODUCTS_DIR; };
		A1F27C901C8DC3450035758D /* MatchismoUITests.m */ = {isa = PBXFileReference; lastKnownFileType = sourcecode.c.objc; path = MatchismoUITests.m; sourceTree = "<group>"; };
		A1F27C921C8DC3450035758D /* Info.plist */ = {isa = PBXFileReference; lastKnownFileType = text.plist.xml; path = Info.plist; sourceTree = "<group>"; };
		A1F27C9E1C8DC4B40035758D /* Card.h */ = {isa = PBXFileReference; fileEncoding = 4; lastKnownFileType = sourcecode.c.h; name = Card.h; path = Matchismo/Card.h; sourceTree = "<group>"; };
		A1F27C9F1C8DC4B40035758D /* Card.m */ = {isa = PBXFileReference; fileEncoding = 4; lastKnownFileType = sourcecode.c.objc; name = Card.m; path = Matchismo/Card.m; sourceTree = "<group>"; };
		A1F27CA21C8DC8560035758D /* Deck.h */ = {isa = PBXFileReference; fileEncoding = 4; lastKnownFileType = sourcecode.c.h; name = Deck.h; path = Matchismo/Deck.h; sourceTree = "<group>"; };
		A1F27CA31C8DC8560035758D /* Deck.m */ = {isa = PBXFileReference; fileEncoding = 4; lastKnownFileType = sourcecode.c.objc; name = Deck.m; path = Matchismo/Deck.m; sourceTree = "<group>"; };
		A1F27CA51C8DCC340035758D /* PlayingCard.h */ = {isa = PBXFileReference; fileEncoding = 4; lastKnownFileType = sourcecode.c.h; name = PlayingCard.h; path = Matchismo/PlayingCard.h; sourceTree = "<group>"; };
		A1F27CA61C8DCC340035758D /* PlayingCard.m */ = {isa = PBXFileReference; fileEncoding = 4; lastKnownFileType = sourcecode.c.objc; name = PlayingCard.m; path = Matchismo/PlayingCard.m; sourceTree = "<group>"; };
		A1F27CA81C8DD0070035758D /* PlayingCardDeck.h */ = {isa = PBXFileReference; fileEncoding = 4; lastKnownFileType = sourcecode.c.h; name = PlayingCardDeck.h; path = Matchismo/PlayingCardDeck.h; sourceTree = "<group>"; };
		A1F27CA91C8DD0070035758D /* PlayingCardDeck.m */ = {isa = PBXFileReference; fileEncoding = 4; lastKnownFileType = sourcecode.c.objc; name = PlayingCardDeck.m; path = Matchismo/PlayingCardDeck.m; sourceTree = "<group>"; };
		A1F27CAB1C8DDB760035758D /* CardGameViewController.h */ = {isa = PBXFileReference; fileEncoding = 4; lastKnownFileType = sourcecode.c.h; path = CardGameViewController.h; sourceTree = "<group>"; };
		A1F27CAC1C8DDB760035758D /* CardGameViewController.m */ = {isa = PBXFileReference; fileEncoding = 4; lastKnownFileType = sourcecode.c.objc; path = CardGameViewController.m; sourceTree = "<group>"; };
/* End PBXFileReference section */

/* Begin PBXFrameworksBuildPhase section */
		A1F27C651C8DC3450035758D /* Frameworks */ = {
			isa = PBXFrameworksBuildPhase;
			buildActionMask = 2147483647;
			files = (
			);
			runOnlyForDeploymentPostprocessing = 0;
		};
		A1F27C7E1C8DC3450035758D /* Frameworks */ = {
			isa = PBXFrameworksBuildPhase;
			buildActionMask = 2147483647;
			files = (
			);
			runOnlyForDeploymentPostprocessing = 0;
		};
		A1F27C891C8DC3450035758D /* Frameworks */ = {
			isa = PBXFrameworksBuildPhase;
			buildActionMask = 2147483647;
			files = (
			);
			runOnlyForDeploymentPostprocessing = 0;
		};
/* End PBXFrameworksBuildPhase section */

/* Begin PBXGroup section */
		A1F27C5F1C8DC3450035758D = {
			isa = PBXGroup;
			children = (
				A1F27C6A1C8DC3450035758D /* Matchismo */,
				A1F27C841C8DC3450035758D /* MatchismoTests */,
				A1F27C8F1C8DC3450035758D /* MatchismoUITests */,
				A1F27C691C8DC3450035758D /* Products */,
			);
			sourceTree = "<group>";
		};
		A1F27C691C8DC3450035758D /* Products */ = {
			isa = PBXGroup;
			children = (
				A1F27C681C8DC3450035758D /* Matchismo.app */,
				A1F27C811C8DC3450035758D /* MatchismoTests.xctest */,
				A1F27C8C1C8DC3450035758D /* MatchismoUITests.xctest */,
			);
			name = Products;
			sourceTree = "<group>";
		};
		A1F27C6A1C8DC3450035758D /* Matchismo */ = {
			isa = PBXGroup;
			children = (
				A1F27C6E1C8DC3450035758D /* AppDelegate.h */,
				A1F27C6F1C8DC3450035758D /* AppDelegate.m */,
				A1F27C711C8DC3450035758D /* ViewController.h */,
				A1F27C721C8DC3450035758D /* ViewController.m */,
				A1F27C741C8DC3450035758D /* Main.storyboard */,
				A1F27C771C8DC3450035758D /* Assets.xcassets */,
				A1F27C791C8DC3450035758D /* LaunchScreen.storyboard */,
				A1F27C7C1C8DC3450035758D /* Info.plist */,
				A1F27CA11C8DC4C20035758D /* Model */,
				A1F27C6B1C8DC3450035758D /* Supporting Files */,
				A1F27CAB1C8DDB760035758D /* CardGameViewController.h */,
				A1F27CAC1C8DDB760035758D /* CardGameViewController.m */,
				A13EFEF81CA141110042C837 /* PlayingCardGameViewController.h */,
				A13EFEF91CA141110042C837 /* PlayingCardGameViewController.m */,
				A13EFEFB1CA149D30042C837 /* SetCardGameViewController.h */,
				A13EFEFC1CA149D30042C837 /* SetCardGameViewController.m */,
				A14B86151CA3CDA30011254C /* GameHistoryViewController.h */,
				A14B86161CA3CDA30011254C /* GameHistoryViewController.m */,
				A14B861B1CA4072B0011254C /* CardContentMaker.h */,
				A14B861C1CA4084B0011254C /* SetCardContentMaker.h */,
				A14B861D1CA4084B0011254C /* SetCardContentMaker.m */,
				A14B861F1CA40D010011254C /* PlayingCardContentMaker.h */,
				A14B86201CA40D010011254C /* PlayingCardContentMaker.m */,
			);
			path = Matchismo;
			sourceTree = "<group>";
		};
		A1F27C6B1C8DC3450035758D /* Supporting Files */ = {
			isa = PBXGroup;
			children = (
				A1F27C6C1C8DC3450035758D /* main.m */,
			);
			name = "Supporting Files";
			sourceTree = "<group>";
		};
		A1F27C841C8DC3450035758D /* MatchismoTests */ = {
			isa = PBXGroup;
			children = (
				A1F27C851C8DC3450035758D /* MatchismoTests.m */,
				A1F27C871C8DC3450035758D /* Info.plist */,
			);
			path = MatchismoTests;
			sourceTree = "<group>";
		};
		A1F27C8F1C8DC3450035758D /* MatchismoUITests */ = {
			isa = PBXGroup;
			children = (
				A1F27C901C8DC3450035758D /* MatchismoUITests.m */,
				A1F27C921C8DC3450035758D /* Info.plist */,
			);
			path = MatchismoUITests;
			sourceTree = "<group>";
		};
		A1F27CA11C8DC4C20035758D /* Model */ = {
			isa = PBXGroup;
			children = (
				A1F27C9E1C8DC4B40035758D /* Card.h */,
				A1F27C9F1C8DC4B40035758D /* Card.m */,
				A1F27CA21C8DC8560035758D /* Deck.h */,
				A1F27CA31C8DC8560035758D /* Deck.m */,
				A1F27CA51C8DCC340035758D /* PlayingCard.h */,
				A1F27CA61C8DCC340035758D /* PlayingCard.m */,
				A1F27CA81C8DD0070035758D /* PlayingCardDeck.h */,
				A1F27CA91C8DD0070035758D /* PlayingCardDeck.m */,
				A1560ADE1C8EB74000A52F61 /* CardMatchingGame.h */,
				A1560ADF1C8EB74000A52F61 /* CardMatchingGame.m */,
				A13EFEF21CA12EE20042C837 /* SetCard.h */,
				A13EFEF31CA12EE20042C837 /* SetCard.m */,
				A13EFEF51CA133F00042C837 /* SetCardDeck.h */,
				A13EFEF61CA133F00042C837 /* SetCardDeck.m */,
				A13EFEFE1CA1A6E20042C837 /* GameTurn.h */,
				A13EFEFF1CA1A6E20042C837 /* GameTurn.m */,
			);
			name = Model;
			path = ..;
			sourceTree = "<group>";
		};
/* End PBXGroup section */

/* Begin PBXNativeTarget section */
		A1F27C671C8DC3450035758D /* Matchismo */ = {
			isa = PBXNativeTarget;
			buildConfigurationList = A1F27C951C8DC3450035758D /* Build configuration list for PBXNativeTarget "Matchismo" */;
			buildPhases = (
				A1F27C641C8DC3450035758D /* Sources */,
				A1F27C651C8DC3450035758D /* Frameworks */,
				A1F27C661C8DC3450035758D /* Resources */,
			);
			buildRules = (
			);
			dependencies = (
			);
			name = Matchismo;
			productName = Matchismo;
			productReference = A1F27C681C8DC3450035758D /* Matchismo.app */;
			productType = "com.apple.product-type.application";
		};
		A1F27C801C8DC3450035758D /* MatchismoTests */ = {
			isa = PBXNativeTarget;
			buildConfigurationList = A1F27C981C8DC3450035758D /* Build configuration list for PBXNativeTarget "MatchismoTests" */;
			buildPhases = (
				A1F27C7D1C8DC3450035758D /* Sources */,
				A1F27C7E1C8DC3450035758D /* Frameworks */,
				A1F27C7F1C8DC3450035758D /* Resources */,
			);
			buildRules = (
			);
			dependencies = (
				A1F27C831C8DC3450035758D /* PBXTargetDependency */,
			);
			name = MatchismoTests;
			productName = MatchismoTests;
			productReference = A1F27C811C8DC3450035758D /* MatchismoTests.xctest */;
			productType = "com.apple.product-type.bundle.unit-test";
		};
		A1F27C8B1C8DC3450035758D /* MatchismoUITests */ = {
			isa = PBXNativeTarget;
			buildConfigurationList = A1F27C9B1C8DC3450035758D /* Build configuration list for PBXNativeTarget "MatchismoUITests" */;
			buildPhases = (
				A1F27C881C8DC3450035758D /* Sources */,
				A1F27C891C8DC3450035758D /* Frameworks */,
				A1F27C8A1C8DC3450035758D /* Resources */,
			);
			buildRules = (
			);
			dependencies = (
				A1F27C8E1C8DC3450035758D /* PBXTargetDependency */,
			);
			name = MatchismoUITests;
			productName = MatchismoUITests;
			productReference = A1F27C8C1C8DC3450035758D /* MatchismoUITests.xctest */;
			productType = "com.apple.product-type.bundle.ui-testing";
		};
/* End PBXNativeTarget section */

/* Begin PBXProject section */
		A1F27C601C8DC3450035758D /* Project object */ = {
			isa = PBXProject;
			attributes = {
				LastUpgradeCheck = 0720;
				TargetAttributes = {
					A1F27C671C8DC3450035758D = {
						CreatedOnToolsVersion = 7.2.1;
					};
					A1F27C801C8DC3450035758D = {
						CreatedOnToolsVersion = 7.2.1;
						TestTargetID = A1F27C671C8DC3450035758D;
					};
					A1F27C8B1C8DC3450035758D = {
						CreatedOnToolsVersion = 7.2.1;
						TestTargetID = A1F27C671C8DC3450035758D;
					};
				};
			};
			buildConfigurationList = A1F27C631C8DC3450035758D /* Build configuration list for PBXProject "Matchismo" */;
			compatibilityVersion = "Xcode 3.2";
			developmentRegion = English;
			hasScannedForEncodings = 0;
			knownRegions = (
				en,
				Base,
			);
			mainGroup = A1F27C5F1C8DC3450035758D;
			productRefGroup = A1F27C691C8DC3450035758D /* Products */;
			projectDirPath = "";
			projectRoot = "";
			targets = (
				A1F27C671C8DC3450035758D /* Matchismo */,
				A1F27C801C8DC3450035758D /* MatchismoTests */,
				A1F27C8B1C8DC3450035758D /* MatchismoUITests */,
			);
		};
/* End PBXProject section */

/* Begin PBXResourcesBuildPhase section */
		A1F27C661C8DC3450035758D /* Resources */ = {
			isa = PBXResourcesBuildPhase;
			buildActionMask = 2147483647;
			files = (
				A1F27C7B1C8DC3450035758D /* LaunchScreen.storyboard in Resources */,
				A1F27C781C8DC3450035758D /* Assets.xcassets in Resources */,
				A1F27C761C8DC3450035758D /* Main.storyboard in Resources */,
			);
			runOnlyForDeploymentPostprocessing = 0;
		};
		A1F27C7F1C8DC3450035758D /* Resources */ = {
			isa = PBXResourcesBuildPhase;
			buildActionMask = 2147483647;
			files = (
			);
			runOnlyForDeploymentPostprocessing = 0;
		};
		A1F27C8A1C8DC3450035758D /* Resources */ = {
			isa = PBXResourcesBuildPhase;
			buildActionMask = 2147483647;
			files = (
			);
			runOnlyForDeploymentPostprocessing = 0;
		};
/* End PBXResourcesBuildPhase section */

/* Begin PBXSourcesBuildPhase section */
		A1F27C641C8DC3450035758D /* Sources */ = {
			isa = PBXSourcesBuildPhase;
			buildActionMask = 2147483647;
			files = (
				A1F27CA71C8DCC340035758D /* PlayingCard.m in Sources */,
				A14B861E1CA4084B0011254C /* SetCardContentMaker.m in Sources */,
				A1F27CA41C8DC8560035758D /* Deck.m in Sources */,
				A13EFEFD1CA149D30042C837 /* SetCardGameViewController.m in Sources */,
				A14B86171CA3CDA30011254C /* GameHistoryViewController.m in Sources */,
				A1F27C731C8DC3450035758D /* ViewController.m in Sources */,
				A14B86211CA40D010011254C /* PlayingCardContentMaker.m in Sources */,
				A13EFF001CA1A6E20042C837 /* GameTurn.m in Sources */,
				A13EFEF71CA133F00042C837 /* SetCardDeck.m in Sources */,
				A1560AE01C8EB74000A52F61 /* CardMatchingGame.m in Sources */,
				A13EFEFA1CA141110042C837 /* PlayingCardGameViewController.m in Sources */,
				A13EFEF41CA12EE20042C837 /* SetCard.m in Sources */,
				A1F27C701C8DC3450035758D /* AppDelegate.m in Sources */,
				A1F27CAA1C8DD0070035758D /* PlayingCardDeck.m in Sources */,
				A1F27C6D1C8DC3450035758D /* main.m in Sources */,
				A1F27CAD1C8DDB760035758D /* CardGameViewController.m in Sources */,
				A1F27CA01C8DC4B40035758D /* Card.m in Sources */,
			);
			runOnlyForDeploymentPostprocessing = 0;
		};
		A1F27C7D1C8DC3450035758D /* Sources */ = {
			isa = PBXSourcesBuildPhase;
			buildActionMask = 2147483647;
			files = (
				A1F27C861C8DC3450035758D /* MatchismoTests.m in Sources */,
			);
			runOnlyForDeploymentPostprocessing = 0;
		};
		A1F27C881C8DC3450035758D /* Sources */ = {
			isa = PBXSourcesBuildPhase;
			buildActionMask = 2147483647;
			files = (
				A1F27C911C8DC3450035758D /* MatchismoUITests.m in Sources */,
			);
			runOnlyForDeploymentPostprocessing = 0;
		};
/* End PBXSourcesBuildPhase section */

/* Begin PBXTargetDependency section */
		A1F27C831C8DC3450035758D /* PBXTargetDependency */ = {
			isa = PBXTargetDependency;
			target = A1F27C671C8DC3450035758D /* Matchismo */;
			targetProxy = A1F27C821C8DC3450035758D /* PBXContainerItemProxy */;
		};
		A1F27C8E1C8DC3450035758D /* PBXTargetDependency */ = {
			isa = PBXTargetDependency;
			target = A1F27C671C8DC3450035758D /* Matchismo */;
			targetProxy = A1F27C8D1C8DC3450035758D /* PBXContainerItemProxy */;
		};
/* End PBXTargetDependency section */

/* Begin PBXVariantGroup section */
		A1F27C741C8DC3450035758D /* Main.storyboard */ = {
			isa = PBXVariantGroup;
			children = (
				A1F27C751C8DC3450035758D /* Base */,
			);
			name = Main.storyboard;
			sourceTree = "<group>";
		};
		A1F27C791C8DC3450035758D /* LaunchScreen.storyboard */ = {
			isa = PBXVariantGroup;
			children = (
				A1F27C7A1C8DC3450035758D /* Base */,
			);
			name = LaunchScreen.storyboard;
			sourceTree = "<group>";
		};
/* End PBXVariantGroup section */

/* Begin XCBuildConfiguration section */
		A1F27C931C8DC3450035758D /* Debug */ = {
			isa = XCBuildConfiguration;
			buildSettings = {
				ALWAYS_SEARCH_USER_PATHS = NO;
				CLANG_CXX_LANGUAGE_STANDARD = "gnu++0x";
				CLANG_CXX_LIBRARY = "libc++";
				CLANG_ENABLE_MODULES = YES;
				CLANG_ENABLE_OBJC_ARC = YES;
				CLANG_WARN_BOOL_CONVERSION = YES;
				CLANG_WARN_CONSTANT_CONVERSION = YES;
				CLANG_WARN_DIRECT_OBJC_ISA_USAGE = YES_ERROR;
				CLANG_WARN_EMPTY_BODY = YES;
				CLANG_WARN_ENUM_CONVERSION = YES;
				CLANG_WARN_INT_CONVERSION = YES;
				CLANG_WARN_OBJC_ROOT_CLASS = YES_ERROR;
				CLANG_WARN_UNREACHABLE_CODE = YES;
				CLANG_WARN__DUPLICATE_METHOD_MATCH = YES;
				"CODE_SIGN_IDENTITY[sdk=iphoneos*]" = "iPhone Developer";
				COPY_PHASE_STRIP = NO;
				DEBUG_INFORMATION_FORMAT = dwarf;
				ENABLE_STRICT_OBJC_MSGSEND = YES;
				ENABLE_TESTABILITY = YES;
				GCC_C_LANGUAGE_STANDARD = gnu99;
				GCC_DYNAMIC_NO_PIC = NO;
				GCC_NO_COMMON_BLOCKS = YES;
				GCC_OPTIMIZATION_LEVEL = 0;
				GCC_PREPROCESSOR_DEFINITIONS = (
					"DEBUG=1",
					"$(inherited)",
				);
				GCC_WARN_64_TO_32_BIT_CONVERSION = YES;
				GCC_WARN_ABOUT_RETURN_TYPE = YES_ERROR;
				GCC_WARN_UNDECLARED_SELECTOR = YES;
				GCC_WARN_UNINITIALIZED_AUTOS = YES_AGGRESSIVE;
				GCC_WARN_UNUSED_FUNCTION = YES;
				GCC_WARN_UNUSED_VARIABLE = YES;
				IPHONEOS_DEPLOYMENT_TARGET = 9.2;
				MTL_ENABLE_DEBUG_INFO = YES;
				ONLY_ACTIVE_ARCH = YES;
				SDKROOT = iphoneos;
			};
			name = Debug;
		};
		A1F27C941C8DC3450035758D /* Release */ = {
			isa = XCBuildConfiguration;
			buildSettings = {
				ALWAYS_SEARCH_USER_PATHS = NO;
				CLANG_CXX_LANGUAGE_STANDARD = "gnu++0x";
				CLANG_CXX_LIBRARY = "libc++";
				CLANG_ENABLE_MODULES = YES;
				CLANG_ENABLE_OBJC_ARC = YES;
				CLANG_WARN_BOOL_CONVERSION = YES;
				CLANG_WARN_CONSTANT_CONVERSION = YES;
				CLANG_WARN_DIRECT_OBJC_ISA_USAGE = YES_ERROR;
				CLANG_WARN_EMPTY_BODY = YES;
				CLANG_WARN_ENUM_CONVERSION = YES;
				CLANG_WARN_INT_CONVERSION = YES;
				CLANG_WARN_OBJC_ROOT_CLASS = YES_ERROR;
				CLANG_WARN_UNREACHABLE_CODE = YES;
				CLANG_WARN__DUPLICATE_METHOD_MATCH = YES;
				"CODE_SIGN_IDENTITY[sdk=iphoneos*]" = "iPhone Developer";
				COPY_PHASE_STRIP = NO;
				DEBUG_INFORMATION_FORMAT = "dwarf-with-dsym";
				ENABLE_NS_ASSERTIONS = NO;
				ENABLE_STRICT_OBJC_MSGSEND = YES;
				GCC_C_LANGUAGE_STANDARD = gnu99;
				GCC_NO_COMMON_BLOCKS = YES;
				GCC_WARN_64_TO_32_BIT_CONVERSION = YES;
				GCC_WARN_ABOUT_RETURN_TYPE = YES_ERROR;
				GCC_WARN_UNDECLARED_SELECTOR = YES;
				GCC_WARN_UNINITIALIZED_AUTOS = YES_AGGRESSIVE;
				GCC_WARN_UNUSED_FUNCTION = YES;
				GCC_WARN_UNUSED_VARIABLE = YES;
				IPHONEOS_DEPLOYMENT_TARGET = 9.2;
				MTL_ENABLE_DEBUG_INFO = NO;
				SDKROOT = iphoneos;
				VALIDATE_PRODUCT = YES;
			};
			name = Release;
		};
		A1F27C961C8DC3450035758D /* Debug */ = {
			isa = XCBuildConfiguration;
			buildSettings = {
				ASSETCATALOG_COMPILER_APPICON_NAME = AppIcon;
				INFOPLIST_FILE = Matchismo/Info.plist;
				LD_RUNPATH_SEARCH_PATHS = "$(inherited) @executable_path/Frameworks";
				PRODUCT_BUNDLE_IDENTIFIER = bt.Matchismo;
				PRODUCT_NAME = "$(TARGET_NAME)";
			};
			name = Debug;
		};
		A1F27C971C8DC3450035758D /* Release */ = {
			isa = XCBuildConfiguration;
			buildSettings = {
				ASSETCATALOG_COMPILER_APPICON_NAME = AppIcon;
				INFOPLIST_FILE = Matchismo/Info.plist;
				LD_RUNPATH_SEARCH_PATHS = "$(inherited) @executable_path/Frameworks";
				PRODUCT_BUNDLE_IDENTIFIER = bt.Matchismo;
				PRODUCT_NAME = "$(TARGET_NAME)";
			};
			name = Release;
		};
		A1F27C991C8DC3450035758D /* Debug */ = {
			isa = XCBuildConfiguration;
			buildSettings = {
				BUNDLE_LOADER = "$(TEST_HOST)";
				INFOPLIST_FILE = MatchismoTests/Info.plist;
				LD_RUNPATH_SEARCH_PATHS = "$(inherited) @executable_path/Frameworks @loader_path/Frameworks";
				PRODUCT_BUNDLE_IDENTIFIER = bt.MatchismoTests;
				PRODUCT_NAME = "$(TARGET_NAME)";
				TEST_HOST = "$(BUILT_PRODUCTS_DIR)/Matchismo.app/Matchismo";
			};
			name = Debug;
		};
		A1F27C9A1C8DC3450035758D /* Release */ = {
			isa = XCBuildConfiguration;
			buildSettings = {
				BUNDLE_LOADER = "$(TEST_HOST)";
				INFOPLIST_FILE = MatchismoTests/Info.plist;
				LD_RUNPATH_SEARCH_PATHS = "$(inherited) @executable_path/Frameworks @loader_path/Frameworks";
				PRODUCT_BUNDLE_IDENTIFIER = bt.MatchismoTests;
				PRODUCT_NAME = "$(TARGET_NAME)";
				TEST_HOST = "$(BUILT_PRODUCTS_DIR)/Matchismo.app/Matchismo";
			};
			name = Release;
		};
		A1F27C9C1C8DC3450035758D /* Debug */ = {
			isa = XCBuildConfiguration;
			buildSettings = {
				INFOPLIST_FILE = MatchismoUITests/Info.plist;
				LD_RUNPATH_SEARCH_PATHS = "$(inherited) @executable_path/Frameworks @loader_path/Frameworks";
				PRODUCT_BUNDLE_IDENTIFIER = bt.MatchismoUITests;
				PRODUCT_NAME = "$(TARGET_NAME)";
				TEST_TARGET_NAME = Matchismo;
				USES_XCTRUNNER = YES;
			};
			name = Debug;
		};
		A1F27C9D1C8DC3450035758D /* Release */ = {
			isa = XCBuildConfiguration;
			buildSettings = {
				INFOPLIST_FILE = MatchismoUITests/Info.plist;
				LD_RUNPATH_SEARCH_PATHS = "$(inherited) @executable_path/Frameworks @loader_path/Frameworks";
				PRODUCT_BUNDLE_IDENTIFIER = bt.MatchismoUITests;
				PRODUCT_NAME = "$(TARGET_NAME)";
				TEST_TARGET_NAME = Matchismo;
				USES_XCTRUNNER = YES;
			};
			name = Release;
		};
/* End XCBuildConfiguration section */

/* Begin XCConfigurationList section */
		A1F27C631C8DC3450035758D /* Build configuration list for PBXProject "Matchismo" */ = {
			isa = XCConfigurationList;
			buildConfigurations = (
				A1F27C931C8DC3450035758D /* Debug */,
				A1F27C941C8DC3450035758D /* Release */,
			);
			defaultConfigurationIsVisible = 0;
			defaultConfigurationName = Release;
		};
		A1F27C951C8DC3450035758D /* Build configuration list for PBXNativeTarget "Matchismo" */ = {
			isa = XCConfigurationList;
			buildConfigurations = (
				A1F27C961C8DC3450035758D /* Debug */,
				A1F27C971C8DC3450035758D /* Release */,
			);
			defaultConfigurationIsVisible = 0;
			defaultConfigurationName = Release;
		};
		A1F27C981C8DC3450035758D /* Build configuration list for PBXNativeTarget "MatchismoTests" */ = {
			isa = XCConfigurationList;
			buildConfigurations = (
				A1F27C991C8DC3450035758D /* Debug */,
				A1F27C9A1C8DC3450035758D /* Release */,
			);
			defaultConfigurationIsVisible = 0;
			defaultConfigurationName = Release;
		};
		A1F27C9B1C8DC3450035758D /* Build configuration list for PBXNativeTarget "MatchismoUITests" */ = {
			isa = XCConfigurationList;
			buildConfigurations = (
				A1F27C9C1C8DC3450035758D /* Debug */,
				A1F27C9D1C8DC3450035758D /* Release */,
			);
			defaultConfigurationIsVisible = 0;
			defaultConfigurationName = Release;
		};
/* End XCConfigurationList section */
	};
	rootObject = A1F27C601C8DC3450035758D /* Project object */;
}
